// !$*UTF8*$!
{
	archiveVersion = 1;
	classes = {
	};
	objectVersion = 46;
	objects = {

/* Begin PBXBuildFile section */
		0406FAA01D6753AD00292722 /* NSAttributedString+LXqAttributeString.m in Sources */ = {isa = PBXBuildFile; fileRef = 0406FA9F1D6753AD00292722 /* NSAttributedString+LXqAttributeString.m */; };
		0406FAA31D6848B700292722 /* HttpTool.m in Sources */ = {isa = PBXBuildFile; fileRef = 0406FAA21D6848B700292722 /* HttpTool.m */; };
		0406FAA61D68499500292722 /* LXqHTTPTool.m in Sources */ = {isa = PBXBuildFile; fileRef = 0406FAA51D68499500292722 /* LXqHTTPTool.m */; };
		0406FAA91D6853EA00292722 /* LXqBaseViewController.m in Sources */ = {isa = PBXBuildFile; fileRef = 0406FAA81D6853EA00292722 /* LXqBaseViewController.m */; };
		0406FAAD1D68598800292722 /* test.plist in Resources */ = {isa = PBXBuildFile; fileRef = 0406FAAC1D68598800292722 /* test.plist */; };
		0406FAB01D68601200292722 /* LXqClassName.m in Sources */ = {isa = PBXBuildFile; fileRef = 0406FAAF1D68601200292722 /* LXqClassName.m */; };
		0406FAB61D68790400292722 /* LXqClassCollectionHeaderView.m in Sources */ = {isa = PBXBuildFile; fileRef = 0406FAB51D68790400292722 /* LXqClassCollectionHeaderView.m */; };
		041CBC8E1D67244800D73FC4 /* LXqMyLoginView.m in Sources */ = {isa = PBXBuildFile; fileRef = 041CBC8D1D67244800D73FC4 /* LXqMyLoginView.m */; };
		042E95271D6B12BD00EDE406 /* UIView+Toast.m in Sources */ = {isa = PBXBuildFile; fileRef = 042E95261D6B12BD00EDE406 /* UIView+Toast.m */; };
		042E95771D6B31EE00EDE406 /* LXqNewTableView.m in Sources */ = {isa = PBXBuildFile; fileRef = 042E95761D6B31EE00EDE406 /* LXqNewTableView.m */; };
		042E957A1D6B31FA00EDE406 /* LXqPriceTableView.m in Sources */ = {isa = PBXBuildFile; fileRef = 042E95791D6B31FA00EDE406 /* LXqPriceTableView.m */; };
		046E34681D63FF3B00003B08 /* Assets.xcassets in Resources */ = {isa = PBXBuildFile; fileRef = 046E34671D63FF3B00003B08 /* Assets.xcassets */; };
		046E346B1D63FF3B00003B08 /* LaunchScreen.storyboard in Resources */ = {isa = PBXBuildFile; fileRef = 046E34691D63FF3B00003B08 /* LaunchScreen.storyboard */; };
		046E34761D63FF3B00003B08 /* Buy_BuyTests.m in Sources */ = {isa = PBXBuildFile; fileRef = 046E34751D63FF3B00003B08 /* Buy_BuyTests.m */; };
		046E34811D63FF3B00003B08 /* Buy_BuyUITests.m in Sources */ = {isa = PBXBuildFile; fileRef = 046E34801D63FF3B00003B08 /* Buy_BuyUITests.m */; };
		046E34F81D645B2300003B08 /* LXqBuyViewController.m in Sources */ = {isa = PBXBuildFile; fileRef = 046E34F01D645B2300003B08 /* LXqBuyViewController.m */; };
		046E34F91D645B2300003B08 /* LXqClassViewController.m in Sources */ = {isa = PBXBuildFile; fileRef = 046E34F21D645B2300003B08 /* LXqClassViewController.m */; };
		046E34FA1D645B2300003B08 /* LXqMyViewController.m in Sources */ = {isa = PBXBuildFile; fileRef = 046E34F41D645B2300003B08 /* LXqMyViewController.m */; };
		046E34FB1D645B2300003B08 /* LXqTimpViewController.m in Sources */ = {isa = PBXBuildFile; fileRef = 046E34F61D645B2300003B08 /* LXqTimpViewController.m */; };
		046E35051D6477C700003B08 /* LXqMyTableView.m in Sources */ = {isa = PBXBuildFile; fileRef = 046E35041D6477C700003B08 /* LXqMyTableView.m */; };
		046E350E1D64796400003B08 /* LXqMyHeaderView.m in Sources */ = {isa = PBXBuildFile; fileRef = 046E350D1D64796400003B08 /* LXqMyHeaderView.m */; };
		046E35111D647AD200003B08 /* LXqMyTableModel.m in Sources */ = {isa = PBXBuildFile; fileRef = 046E35101D647AD200003B08 /* LXqMyTableModel.m */; };
		046E35131D647BE800003B08 /* LXqMyTableModel.plist in Resources */ = {isa = PBXBuildFile; fileRef = 046E35121D647BE800003B08 /* LXqMyTableModel.plist */; };
		046E35161D648B8500003B08 /* LXqMyTableViewCell.m in Sources */ = {isa = PBXBuildFile; fileRef = 046E35151D648B8500003B08 /* LXqMyTableViewCell.m */; };
		046E35231D649E1B00003B08 /* AppDelegate.m in Sources */ = {isa = PBXBuildFile; fileRef = 046E351E1D649E1B00003B08 /* AppDelegate.m */; };
		046E35251D649E1B00003B08 /* main.m in Sources */ = {isa = PBXBuildFile; fileRef = 046E35201D649E1B00003B08 /* main.m */; };
		046E35261D649E1B00003B08 /* UIColor+LXqRandomColor.m in Sources */ = {isa = PBXBuildFile; fileRef = 046E35221D649E1B00003B08 /* UIColor+LXqRandomColor.m */; };
		046E35321D64A70300003B08 /* LXqClassCollectionView.m in Sources */ = {isa = PBXBuildFile; fileRef = 046E35311D64A70300003B08 /* LXqClassCollectionView.m */; };
		04AEED201D6546F700B653CB /* LXqLoginViewController.m in Sources */ = {isa = PBXBuildFile; fileRef = 04AEED1F1D6546F700B653CB /* LXqLoginViewController.m */; };
		04AEED241D65474F00B653CB /* LXqRegisteViewController.m in Sources */ = {isa = PBXBuildFile; fileRef = 04AEED231D65474F00B653CB /* LXqRegisteViewController.m */; };
		04AEED271D658DA100B653CB /* LXqMyRegisetView.m in Sources */ = {isa = PBXBuildFile; fileRef = 04AEED261D658DA100B653CB /* LXqMyRegisetView.m */; };
		04AEED2B1D65971B00B653CB /* LXqCheckPhoneView.m in Sources */ = {isa = PBXBuildFile; fileRef = 04AEED2A1D65971B00B653CB /* LXqCheckPhoneView.m */; };
		04AEED311D65975600B653CB /* LXqCheckPhoneViewController.m in Sources */ = {isa = PBXBuildFile; fileRef = 04AEED301D65975600B653CB /* LXqCheckPhoneViewController.m */; };
		04AEED3B1D66057A00B653CB /* LXqClassCollectionModel.m in Sources */ = {isa = PBXBuildFile; fileRef = 04AEED3A1D66057A00B653CB /* LXqClassCollectionModel.m */; };
		04AEED3F1D6605CF00B653CB /* LXqClassCollectionViewCell.m in Sources */ = {isa = PBXBuildFile; fileRef = 04AEED3E1D6605CF00B653CB /* LXqClassCollectionViewCell.m */; };
		04AEED411D660A1C00B653CB /* LXqClassCollectionModel.plist in Resources */ = {isa = PBXBuildFile; fileRef = 04AEED401D660A1C00B653CB /* LXqClassCollectionModel.plist */; };
		2A302E99DD371538529869D1 /* libPods-Buy-BuyUITests.a in Frameworks */ = {isa = PBXBuildFile; fileRef = C43DE86EAD0B1DD1AF5D7F59 /* libPods-Buy-BuyUITests.a */; };
		8820D7C0BDDB6D1F5AA2DD25 /* libPods-Buy-Buy.a in Frameworks */ = {isa = PBXBuildFile; fileRef = 09C8EAD7C52DCC8793276F62 /* libPods-Buy-Buy.a */; };
		EFFA18AF367C8A2CF8C229D7 /* libPods-Buy-BuyTests.a in Frameworks */ = {isa = PBXBuildFile; fileRef = 3BB21741A3677E4E496285C9 /* libPods-Buy-BuyTests.a */; };
/* End PBXBuildFile section */

/* Begin PBXContainerItemProxy section */
		046E34721D63FF3B00003B08 /* PBXContainerItemProxy */ = {
			isa = PBXContainerItemProxy;
			containerPortal = 046E34501D63FF3B00003B08 /* Project object */;
			proxyType = 1;
			remoteGlobalIDString = 046E34571D63FF3B00003B08;
			remoteInfo = "Buy-Buy";
		};
		046E347D1D63FF3B00003B08 /* PBXContainerItemProxy */ = {
			isa = PBXContainerItemProxy;
			containerPortal = 046E34501D63FF3B00003B08 /* Project object */;
			proxyType = 1;
			remoteGlobalIDString = 046E34571D63FF3B00003B08;
			remoteInfo = "Buy-Buy";
		};
/* End PBXContainerItemProxy section */

/* Begin PBXFileReference section */
		0406FA9E1D6753AD00292722 /* NSAttributedString+LXqAttributeString.h */ = {isa = PBXFileReference; fileEncoding = 4; lastKnownFileType = sourcecode.c.h; path = "NSAttributedString+LXqAttributeString.h"; sourceTree = "<group>"; };
		0406FA9F1D6753AD00292722 /* NSAttributedString+LXqAttributeString.m */ = {isa = PBXFileReference; fileEncoding = 4; lastKnownFileType = sourcecode.c.objc; path = "NSAttributedString+LXqAttributeString.m"; sourceTree = "<group>"; };
		0406FAA11D6848B700292722 /* HttpTool.h */ = {isa = PBXFileReference; fileEncoding = 4; lastKnownFileType = sourcecode.c.h; path = HttpTool.h; sourceTree = "<group>"; };
		0406FAA21D6848B700292722 /* HttpTool.m */ = {isa = PBXFileReference; fileEncoding = 4; lastKnownFileType = sourcecode.c.objc; path = HttpTool.m; sourceTree = "<group>"; };
		0406FAA41D68499500292722 /* LXqHTTPTool.h */ = {isa = PBXFileReference; fileEncoding = 4; lastKnownFileType = sourcecode.c.h; path = LXqHTTPTool.h; sourceTree = "<group>"; };
		0406FAA51D68499500292722 /* LXqHTTPTool.m */ = {isa = PBXFileReference; fileEncoding = 4; lastKnownFileType = sourcecode.c.objc; path = LXqHTTPTool.m; sourceTree = "<group>"; };
		0406FAA71D6853EA00292722 /* LXqBaseViewController.h */ = {isa = PBXFileReference; fileEncoding = 4; lastKnownFileType = sourcecode.c.h; path = LXqBaseViewController.h; sourceTree = "<group>"; };
		0406FAA81D6853EA00292722 /* LXqBaseViewController.m */ = {isa = PBXFileReference; fileEncoding = 4; lastKnownFileType = sourcecode.c.objc; path = LXqBaseViewController.m; sourceTree = "<group>"; };
		0406FAAC1D68598800292722 /* test.plist */ = {isa = PBXFileReference; fileEncoding = 4; lastKnownFileType = text.plist.xml; path = test.plist; sourceTree = "<group>"; };
		0406FAAE1D68601200292722 /* LXqClassName.h */ = {isa = PBXFileReference; fileEncoding = 4; lastKnownFileType = sourcecode.c.h; path = LXqClassName.h; sourceTree = "<group>"; };
		0406FAAF1D68601200292722 /* LXqClassName.m */ = {isa = PBXFileReference; fileEncoding = 4; lastKnownFileType = sourcecode.c.objc; path = LXqClassName.m; sourceTree = "<group>"; };
		0406FAB41D68790400292722 /* LXqClassCollectionHeaderView.h */ = {isa = PBXFileReference; fileEncoding = 4; lastKnownFileType = sourcecode.c.h; path = LXqClassCollectionHeaderView.h; sourceTree = "<group>"; };
		0406FAB51D68790400292722 /* LXqClassCollectionHeaderView.m */ = {isa = PBXFileReference; fileEncoding = 4; lastKnownFileType = sourcecode.c.objc; path = LXqClassCollectionHeaderView.m; sourceTree = "<group>"; };
		041CBC8C1D67244800D73FC4 /* LXqMyLoginView.h */ = {isa = PBXFileReference; fileEncoding = 4; lastKnownFileType = sourcecode.c.h; path = LXqMyLoginView.h; sourceTree = "<group>"; };
		041CBC8D1D67244800D73FC4 /* LXqMyLoginView.m */ = {isa = PBXFileReference; fileEncoding = 4; lastKnownFileType = sourcecode.c.objc; path = LXqMyLoginView.m; sourceTree = "<group>"; };
		042E95251D6B12BD00EDE406 /* UIView+Toast.h */ = {isa = PBXFileReference; fileEncoding = 4; lastKnownFileType = sourcecode.c.h; path = "UIView+Toast.h"; sourceTree = "<group>"; };
		042E95261D6B12BD00EDE406 /* UIView+Toast.m */ = {isa = PBXFileReference; fileEncoding = 4; lastKnownFileType = sourcecode.c.objc; path = "UIView+Toast.m"; sourceTree = "<group>"; };
		042E95751D6B31EE00EDE406 /* LXqNewTableView.h */ = {isa = PBXFileReference; fileEncoding = 4; lastKnownFileType = sourcecode.c.h; path = LXqNewTableView.h; sourceTree = "<group>"; };
		042E95761D6B31EE00EDE406 /* LXqNewTableView.m */ = {isa = PBXFileReference; fileEncoding = 4; lastKnownFileType = sourcecode.c.objc; path = LXqNewTableView.m; sourceTree = "<group>"; };
		042E95781D6B31FA00EDE406 /* LXqPriceTableView.h */ = {isa = PBXFileReference; fileEncoding = 4; lastKnownFileType = sourcecode.c.h; path = LXqPriceTableView.h; sourceTree = "<group>"; };
		042E95791D6B31FA00EDE406 /* LXqPriceTableView.m */ = {isa = PBXFileReference; fileEncoding = 4; lastKnownFileType = sourcecode.c.objc; path = LXqPriceTableView.m; sourceTree = "<group>"; };
		046E34581D63FF3B00003B08 /* Buy-Buy.app */ = {isa = PBXFileReference; explicitFileType = wrapper.application; includeInIndex = 0; path = "Buy-Buy.app"; sourceTree = BUILT_PRODUCTS_DIR; };
		046E34671D63FF3B00003B08 /* Assets.xcassets */ = {isa = PBXFileReference; lastKnownFileType = folder.assetcatalog; path = Assets.xcassets; sourceTree = "<group>"; };
		046E346A1D63FF3B00003B08 /* Base */ = {isa = PBXFileReference; lastKnownFileType = file.storyboard; name = Base; path = Base.lproj/LaunchScreen.storyboard; sourceTree = "<group>"; };
		046E34711D63FF3B00003B08 /* Buy-BuyTests.xctest */ = {isa = PBXFileReference; explicitFileType = wrapper.cfbundle; includeInIndex = 0; path = "Buy-BuyTests.xctest"; sourceTree = BUILT_PRODUCTS_DIR; };
		046E34751D63FF3B00003B08 /* Buy_BuyTests.m */ = {isa = PBXFileReference; lastKnownFileType = sourcecode.c.objc; path = Buy_BuyTests.m; sourceTree = "<group>"; };
		046E34771D63FF3B00003B08 /* Info.plist */ = {isa = PBXFileReference; lastKnownFileType = text.plist.xml; path = Info.plist; sourceTree = "<group>"; };
		046E347C1D63FF3B00003B08 /* Buy-BuyUITests.xctest */ = {isa = PBXFileReference; explicitFileType = wrapper.cfbundle; includeInIndex = 0; path = "Buy-BuyUITests.xctest"; sourceTree = BUILT_PRODUCTS_DIR; };
		046E34801D63FF3B00003B08 /* Buy_BuyUITests.m */ = {isa = PBXFileReference; lastKnownFileType = sourcecode.c.objc; path = Buy_BuyUITests.m; sourceTree = "<group>"; };
		046E34821D63FF3B00003B08 /* Info.plist */ = {isa = PBXFileReference; lastKnownFileType = text.plist.xml; path = Info.plist; sourceTree = "<group>"; };
		046E34EF1D645B2300003B08 /* LXqBuyViewController.h */ = {isa = PBXFileReference; fileEncoding = 4; lastKnownFileType = sourcecode.c.h; path = LXqBuyViewController.h; sourceTree = "<group>"; };
		046E34F01D645B2300003B08 /* LXqBuyViewController.m */ = {isa = PBXFileReference; fileEncoding = 4; lastKnownFileType = sourcecode.c.objc; path = LXqBuyViewController.m; sourceTree = "<group>"; };
		046E34F11D645B2300003B08 /* LXqClassViewController.h */ = {isa = PBXFileReference; fileEncoding = 4; lastKnownFileType = sourcecode.c.h; path = LXqClassViewController.h; sourceTree = "<group>"; };
		046E34F21D645B2300003B08 /* LXqClassViewController.m */ = {isa = PBXFileReference; fileEncoding = 4; lastKnownFileType = sourcecode.c.objc; path = LXqClassViewController.m; sourceTree = "<group>"; };
		046E34F31D645B2300003B08 /* LXqMyViewController.h */ = {isa = PBXFileReference; fileEncoding = 4; lastKnownFileType = sourcecode.c.h; path = LXqMyViewController.h; sourceTree = "<group>"; };
		046E34F41D645B2300003B08 /* LXqMyViewController.m */ = {isa = PBXFileReference; fileEncoding = 4; lastKnownFileType = sourcecode.c.objc; path = LXqMyViewController.m; sourceTree = "<group>"; };
		046E34F51D645B2300003B08 /* LXqTimpViewController.h */ = {isa = PBXFileReference; fileEncoding = 4; lastKnownFileType = sourcecode.c.h; path = LXqTimpViewController.h; sourceTree = "<group>"; };
		046E34F61D645B2300003B08 /* LXqTimpViewController.m */ = {isa = PBXFileReference; fileEncoding = 4; lastKnownFileType = sourcecode.c.objc; path = LXqTimpViewController.m; sourceTree = "<group>"; };
		046E35031D6477C700003B08 /* LXqMyTableView.h */ = {isa = PBXFileReference; fileEncoding = 4; lastKnownFileType = sourcecode.c.h; path = LXqMyTableView.h; sourceTree = "<group>"; };
		046E35041D6477C700003B08 /* LXqMyTableView.m */ = {isa = PBXFileReference; fileEncoding = 4; lastKnownFileType = sourcecode.c.objc; path = LXqMyTableView.m; sourceTree = "<group>"; };
		046E350C1D64796400003B08 /* LXqMyHeaderView.h */ = {isa = PBXFileReference; fileEncoding = 4; lastKnownFileType = sourcecode.c.h; path = LXqMyHeaderView.h; sourceTree = "<group>"; };
		046E350D1D64796400003B08 /* LXqMyHeaderView.m */ = {isa = PBXFileReference; fileEncoding = 4; lastKnownFileType = sourcecode.c.objc; path = LXqMyHeaderView.m; sourceTree = "<group>"; };
		046E350F1D647AD200003B08 /* LXqMyTableModel.h */ = {isa = PBXFileReference; fileEncoding = 4; lastKnownFileType = sourcecode.c.h; path = LXqMyTableModel.h; sourceTree = "<group>"; };
		046E35101D647AD200003B08 /* LXqMyTableModel.m */ = {isa = PBXFileReference; fileEncoding = 4; lastKnownFileType = sourcecode.c.objc; path = LXqMyTableModel.m; sourceTree = "<group>"; };
		046E35121D647BE800003B08 /* LXqMyTableModel.plist */ = {isa = PBXFileReference; fileEncoding = 4; lastKnownFileType = text.plist.xml; path = LXqMyTableModel.plist; sourceTree = "<group>"; };
		046E35141D648B8500003B08 /* LXqMyTableViewCell.h */ = {isa = PBXFileReference; fileEncoding = 4; lastKnownFileType = sourcecode.c.h; path = LXqMyTableViewCell.h; sourceTree = "<group>"; };
		046E35151D648B8500003B08 /* LXqMyTableViewCell.m */ = {isa = PBXFileReference; fileEncoding = 4; lastKnownFileType = sourcecode.c.objc; path = LXqMyTableViewCell.m; sourceTree = "<group>"; };
		046E351D1D649E1B00003B08 /* AppDelegate.h */ = {isa = PBXFileReference; fileEncoding = 4; lastKnownFileType = sourcecode.c.h; path = AppDelegate.h; sourceTree = "<group>"; };
		046E351E1D649E1B00003B08 /* AppDelegate.m */ = {isa = PBXFileReference; fileEncoding = 4; lastKnownFileType = sourcecode.c.objc; path = AppDelegate.m; sourceTree = "<group>"; };
		046E35201D649E1B00003B08 /* main.m */ = {isa = PBXFileReference; fileEncoding = 4; lastKnownFileType = sourcecode.c.objc; path = main.m; sourceTree = "<group>"; };
		046E35211D649E1B00003B08 /* UIColor+LXqRandomColor.h */ = {isa = PBXFileReference; fileEncoding = 4; lastKnownFileType = sourcecode.c.h; path = "UIColor+LXqRandomColor.h"; sourceTree = "<group>"; };
		046E35221D649E1B00003B08 /* UIColor+LXqRandomColor.m */ = {isa = PBXFileReference; fileEncoding = 4; lastKnownFileType = sourcecode.c.objc; path = "UIColor+LXqRandomColor.m"; sourceTree = "<group>"; };
		046E352B1D64A0F400003B08 /* Info.plist */ = {isa = PBXFileReference; fileEncoding = 4; lastKnownFileType = text.plist.xml; path = Info.plist; sourceTree = "<group>"; };
		046E352D1D64A30A00003B08 /* LXqHeaderFile.pch */ = {isa = PBXFileReference; lastKnownFileType = sourcecode.c.h; path = LXqHeaderFile.pch; sourceTree = "<group>"; };
		046E35301D64A70300003B08 /* LXqClassCollectionView.h */ = {isa = PBXFileReference; fileEncoding = 4; lastKnownFileType = sourcecode.c.h; path = LXqClassCollectionView.h; sourceTree = "<group>"; };
		046E35311D64A70300003B08 /* LXqClassCollectionView.m */ = {isa = PBXFileReference; fileEncoding = 4; lastKnownFileType = sourcecode.c.objc; path = LXqClassCollectionView.m; sourceTree = "<group>"; };
		04AEED1E1D6546F700B653CB /* LXqLoginViewController.h */ = {isa = PBXFileReference; fileEncoding = 4; lastKnownFileType = sourcecode.c.h; path = LXqLoginViewController.h; sourceTree = "<group>"; };
		04AEED1F1D6546F700B653CB /* LXqLoginViewController.m */ = {isa = PBXFileReference; fileEncoding = 4; lastKnownFileType = sourcecode.c.objc; path = LXqLoginViewController.m; sourceTree = "<group>"; };
		04AEED221D65474F00B653CB /* LXqRegisteViewController.h */ = {isa = PBXFileReference; fileEncoding = 4; lastKnownFileType = sourcecode.c.h; path = LXqRegisteViewController.h; sourceTree = "<group>"; };
		04AEED231D65474F00B653CB /* LXqRegisteViewController.m */ = {isa = PBXFileReference; fileEncoding = 4; lastKnownFileType = sourcecode.c.objc; path = LXqRegisteViewController.m; sourceTree = "<group>"; };
		04AEED251D658DA100B653CB /* LXqMyRegisetView.h */ = {isa = PBXFileReference; fileEncoding = 4; lastKnownFileType = sourcecode.c.h; path = LXqMyRegisetView.h; sourceTree = "<group>"; };
		04AEED261D658DA100B653CB /* LXqMyRegisetView.m */ = {isa = PBXFileReference; fileEncoding = 4; lastKnownFileType = sourcecode.c.objc; path = LXqMyRegisetView.m; sourceTree = "<group>"; };
		04AEED291D65971B00B653CB /* LXqCheckPhoneView.h */ = {isa = PBXFileReference; fileEncoding = 4; lastKnownFileType = sourcecode.c.h; path = LXqCheckPhoneView.h; sourceTree = "<group>"; };
		04AEED2A1D65971B00B653CB /* LXqCheckPhoneView.m */ = {isa = PBXFileReference; fileEncoding = 4; lastKnownFileType = sourcecode.c.objc; path = LXqCheckPhoneView.m; sourceTree = "<group>"; };
		04AEED2F1D65975600B653CB /* LXqCheckPhoneViewController.h */ = {isa = PBXFileReference; fileEncoding = 4; lastKnownFileType = sourcecode.c.h; path = LXqCheckPhoneViewController.h; sourceTree = "<group>"; };
		04AEED301D65975600B653CB /* LXqCheckPhoneViewController.m */ = {isa = PBXFileReference; fileEncoding = 4; lastKnownFileType = sourcecode.c.objc; path = LXqCheckPhoneViewController.m; sourceTree = "<group>"; };
		04AEED391D66057A00B653CB /* LXqClassCollectionModel.h */ = {isa = PBXFileReference; fileEncoding = 4; lastKnownFileType = sourcecode.c.h; path = LXqClassCollectionModel.h; sourceTree = "<group>"; };
		04AEED3A1D66057A00B653CB /* LXqClassCollectionModel.m */ = {isa = PBXFileReference; fileEncoding = 4; lastKnownFileType = sourcecode.c.objc; path = LXqClassCollectionModel.m; sourceTree = "<group>"; };
		04AEED3D1D6605CF00B653CB /* LXqClassCollectionViewCell.h */ = {isa = PBXFileReference; fileEncoding = 4; lastKnownFileType = sourcecode.c.h; path = LXqClassCollectionViewCell.h; sourceTree = "<group>"; };
		04AEED3E1D6605CF00B653CB /* LXqClassCollectionViewCell.m */ = {isa = PBXFileReference; fileEncoding = 4; lastKnownFileType = sourcecode.c.objc; path = LXqClassCollectionViewCell.m; sourceTree = "<group>"; };
		04AEED401D660A1C00B653CB /* LXqClassCollectionModel.plist */ = {isa = PBXFileReference; fileEncoding = 4; lastKnownFileType = text.plist.xml; path = LXqClassCollectionModel.plist; sourceTree = "<group>"; };
		09C8EAD7C52DCC8793276F62 /* libPods-Buy-Buy.a */ = {isa = PBXFileReference; explicitFileType = archive.ar; includeInIndex = 0; path = "libPods-Buy-Buy.a"; sourceTree = BUILT_PRODUCTS_DIR; };
		36E3436E8B19A9BCF5175A38 /* Pods-Buy-BuyTests.release.xcconfig */ = {isa = PBXFileReference; includeInIndex = 1; lastKnownFileType = text.xcconfig; name = "Pods-Buy-BuyTests.release.xcconfig"; path = "Pods/Target Support Files/Pods-Buy-BuyTests/Pods-Buy-BuyTests.release.xcconfig"; sourceTree = "<group>"; };
		3BB21741A3677E4E496285C9 /* libPods-Buy-BuyTests.a */ = {isa = PBXFileReference; explicitFileType = archive.ar; includeInIndex = 0; path = "libPods-Buy-BuyTests.a"; sourceTree = BUILT_PRODUCTS_DIR; };
		7177FF2F44982C6FD9D8DAFA /* Pods-Buy-BuyTests.debug.xcconfig */ = {isa = PBXFileReference; includeInIndex = 1; lastKnownFileType = text.xcconfig; name = "Pods-Buy-BuyTests.debug.xcconfig"; path = "Pods/Target Support Files/Pods-Buy-BuyTests/Pods-Buy-BuyTests.debug.xcconfig"; sourceTree = "<group>"; };
		8297190EA9295022D690A534 /* Pods-Buy-Buy.debug.xcconfig */ = {isa = PBXFileReference; includeInIndex = 1; lastKnownFileType = text.xcconfig; name = "Pods-Buy-Buy.debug.xcconfig"; path = "Pods/Target Support Files/Pods-Buy-Buy/Pods-Buy-Buy.debug.xcconfig"; sourceTree = "<group>"; };
		A478E071154892CDF7196D04 /* Pods-Buy-BuyUITests.release.xcconfig */ = {isa = PBXFileReference; includeInIndex = 1; lastKnownFileType = text.xcconfig; name = "Pods-Buy-BuyUITests.release.xcconfig"; path = "Pods/Target Support Files/Pods-Buy-BuyUITests/Pods-Buy-BuyUITests.release.xcconfig"; sourceTree = "<group>"; };
		A47DC10AE5826B0E0D0ABC52 /* Pods-Buy-Buy.release.xcconfig */ = {isa = PBXFileReference; includeInIndex = 1; lastKnownFileType = text.xcconfig; name = "Pods-Buy-Buy.release.xcconfig"; path = "Pods/Target Support Files/Pods-Buy-Buy/Pods-Buy-Buy.release.xcconfig"; sourceTree = "<group>"; };
		C43DE86EAD0B1DD1AF5D7F59 /* libPods-Buy-BuyUITests.a */ = {isa = PBXFileReference; explicitFileType = archive.ar; includeInIndex = 0; path = "libPods-Buy-BuyUITests.a"; sourceTree = BUILT_PRODUCTS_DIR; };
		C480851FE0C837DB02415485 /* Pods-Buy-BuyUITests.debug.xcconfig */ = {isa = PBXFileReference; includeInIndex = 1; lastKnownFileType = text.xcconfig; name = "Pods-Buy-BuyUITests.debug.xcconfig"; path = "Pods/Target Support Files/Pods-Buy-BuyUITests/Pods-Buy-BuyUITests.debug.xcconfig"; sourceTree = "<group>"; };
/* End PBXFileReference section */

/* Begin PBXFrameworksBuildPhase section */
		046E34551D63FF3B00003B08 /* Frameworks */ = {
			isa = PBXFrameworksBuildPhase;
			buildActionMask = 2147483647;
			files = (
				8820D7C0BDDB6D1F5AA2DD25 /* libPods-Buy-Buy.a in Frameworks */,
			);
			runOnlyForDeploymentPostprocessing = 0;
		};
		046E346E1D63FF3B00003B08 /* Frameworks */ = {
			isa = PBXFrameworksBuildPhase;
			buildActionMask = 2147483647;
			files = (
				EFFA18AF367C8A2CF8C229D7 /* libPods-Buy-BuyTests.a in Frameworks */,
			);
			runOnlyForDeploymentPostprocessing = 0;
		};
		046E34791D63FF3B00003B08 /* Frameworks */ = {
			isa = PBXFrameworksBuildPhase;
			buildActionMask = 2147483647;
			files = (
				2A302E99DD371538529869D1 /* libPods-Buy-BuyUITests.a in Frameworks */,
			);
			runOnlyForDeploymentPostprocessing = 0;
		};
/* End PBXFrameworksBuildPhase section */

/* Begin PBXGroup section */
		0406FA991D6747B400292722 /* 工具类 */ = {
			isa = PBXGroup;
			children = (
				0406FAA11D6848B700292722 /* HttpTool.h */,
				0406FAA21D6848B700292722 /* HttpTool.m */,
				0406FAA41D68499500292722 /* LXqHTTPTool.h */,
				0406FAA51D68499500292722 /* LXqHTTPTool.m */,
				0406FAB81D69394900292722 /* 基类 */,
				0406FAAA1D68544E00292722 /* 类别 */,
			);
			name = "工具类";
			sourceTree = "<group>";
		};
		0406FA9A1D6747C300292722 /* Other */ = {
			isa = PBXGroup;
			children = (
				046E351D1D649E1B00003B08 /* AppDelegate.h */,
				046E351E1D649E1B00003B08 /* AppDelegate.m */,
				046E35201D649E1B00003B08 /* main.m */,
				046E352D1D64A30A00003B08 /* LXqHeaderFile.pch */,
				046E352B1D64A0F400003B08 /* Info.plist */,
			);
			name = Other;
			sourceTree = "<group>";
		};
		0406FAAA1D68544E00292722 /* 类别 */ = {
			isa = PBXGroup;
			children = (
				042E95251D6B12BD00EDE406 /* UIView+Toast.h */,
				042E95261D6B12BD00EDE406 /* UIView+Toast.m */,
				046E35211D649E1B00003B08 /* UIColor+LXqRandomColor.h */,
				046E35221D649E1B00003B08 /* UIColor+LXqRandomColor.m */,
				0406FA9E1D6753AD00292722 /* NSAttributedString+LXqAttributeString.h */,
				0406FA9F1D6753AD00292722 /* NSAttributedString+LXqAttributeString.m */,
			);
			name = "类别";
			sourceTree = "<group>";
		};
		0406FAB81D69394900292722 /* 基类 */ = {
			isa = PBXGroup;
			children = (
				0406FAA71D6853EA00292722 /* LXqBaseViewController.h */,
				0406FAA81D6853EA00292722 /* LXqBaseViewController.m */,
			);
			name = "基类";
			sourceTree = "<group>";
		};
		0406FAB91D6ACD8000292722 /* 限时特购 */ = {
			isa = PBXGroup;
			children = (
				042E95751D6B31EE00EDE406 /* LXqNewTableView.h */,
				042E95761D6B31EE00EDE406 /* LXqNewTableView.m */,
				042E95781D6B31FA00EDE406 /* LXqPriceTableView.h */,
				042E95791D6B31FA00EDE406 /* LXqPriceTableView.m */,
			);
			name = "限时特购";
			sourceTree = "<group>";
		};
		041CBC881D6723D000D73FC4 /* 登录View */ = {
			isa = PBXGroup;
			children = (
				041CBC8C1D67244800D73FC4 /* LXqMyLoginView.h */,
				041CBC8D1D67244800D73FC4 /* LXqMyLoginView.m */,
			);
			name = "登录View";
			sourceTree = "<group>";
		};
		046E344F1D63FF3B00003B08 = {
			isa = PBXGroup;
			children = (
				046E345A1D63FF3B00003B08 /* Buy-Buy */,
				046E34741D63FF3B00003B08 /* Buy-BuyTests */,
				046E347F1D63FF3B00003B08 /* Buy-BuyUITests */,
				046E34591D63FF3B00003B08 /* Products */,
				E9490953F9C09BCE78136639 /* Pods */,
				08DA341F63731D3A7667A093 /* Frameworks */,
			);
			sourceTree = "<group>";
		};
		046E34591D63FF3B00003B08 /* Products */ = {
			isa = PBXGroup;
			children = (
				046E34581D63FF3B00003B08 /* Buy-Buy.app */,
				046E34711D63FF3B00003B08 /* Buy-BuyTests.xctest */,
				046E347C1D63FF3B00003B08 /* Buy-BuyUITests.xctest */,
			);
			name = Products;
			sourceTree = "<group>";
		};
		046E345A1D63FF3B00003B08 /* Buy-Buy */ = {
			isa = PBXGroup;
			children = (
				046E351C1D649E1B00003B08 /* Others */,
				046E34EC1D645B2300003B08 /* Classes */,
				046E34671D63FF3B00003B08 /* Assets.xcassets */,
				046E34691D63FF3B00003B08 /* LaunchScreen.storyboard */,
			);
			path = "Buy-Buy";
			sourceTree = "<group>";
		};
		046E34741D63FF3B00003B08 /* Buy-BuyTests */ = {
			isa = PBXGroup;
			children = (
				046E34751D63FF3B00003B08 /* Buy_BuyTests.m */,
				046E34771D63FF3B00003B08 /* Info.plist */,
			);
			path = "Buy-BuyTests";
			sourceTree = "<group>";
		};
		046E347F1D63FF3B00003B08 /* Buy-BuyUITests */ = {
			isa = PBXGroup;
			children = (
				046E34801D63FF3B00003B08 /* Buy_BuyUITests.m */,
				046E34821D63FF3B00003B08 /* Info.plist */,
			);
			path = "Buy-BuyUITests";
			sourceTree = "<group>";
		};
		046E34EC1D645B2300003B08 /* Classes */ = {
			isa = PBXGroup;
			children = (
				046E34ED1D645B2300003B08 /* Models */,
				046E34EE1D645B2300003B08 /* ViewControllers */,
				046E34F71D645B2300003B08 /* Views */,
			);
			path = Classes;
			sourceTree = "<group>";
		};
		046E34ED1D645B2300003B08 /* Models */ = {
			isa = PBXGroup;
			children = (
				04AEED381D66055000B653CB /* 分类 */,
				046E352E1D64A5E600003B08 /* 我 */,
			);
			path = Models;
			sourceTree = "<group>";
		};
		046E34EE1D645B2300003B08 /* ViewControllers */ = {
			isa = PBXGroup;
			children = (
				04AEED331D659A0500B653CB /* 限时特购 */,
				04AEED341D659A1900B653CB /* 分类 */,
				04AEED351D659A2200B653CB /* 购物车 */,
				04AEED211D65470100B653CB /* 我 */,
			);
			path = ViewControllers;
			sourceTree = "<group>";
		};
		046E34F71D645B2300003B08 /* Views */ = {
			isa = PBXGroup;
			children = (
				0406FAB91D6ACD8000292722 /* 限时特购 */,
				046E352F1D64A6D800003B08 /* 分类 */,
				046E35171D649BC700003B08 /* 我 */,
			);
			path = Views;
			sourceTree = "<group>";
		};
		046E35171D649BC700003B08 /* 我 */ = {
			isa = PBXGroup;
			children = (
				04AEED321D6599F200B653CB /* 个人界面 */,
				041CBC881D6723D000D73FC4 /* 登录View */,
				04AEED281D65967F00B653CB /* 注册view */,
			);
			name = "我";
			sourceTree = "<group>";
		};
		046E351C1D649E1B00003B08 /* Others */ = {
			isa = PBXGroup;
			children = (
				0406FA9A1D6747C300292722 /* Other */,
				0406FA991D6747B400292722 /* 工具类 */,
			);
			path = Others;
			sourceTree = "<group>";
		};
		046E352E1D64A5E600003B08 /* 我 */ = {
			isa = PBXGroup;
			children = (
				046E350F1D647AD200003B08 /* LXqMyTableModel.h */,
				046E35101D647AD200003B08 /* LXqMyTableModel.m */,
				046E35121D647BE800003B08 /* LXqMyTableModel.plist */,
			);
			name = "我";
			sourceTree = "<group>";
		};
		046E352F1D64A6D800003B08 /* 分类 */ = {
			isa = PBXGroup;
			children = (
				046E35301D64A70300003B08 /* LXqClassCollectionView.h */,
				046E35311D64A70300003B08 /* LXqClassCollectionView.m */,
				0406FAB41D68790400292722 /* LXqClassCollectionHeaderView.h */,
				0406FAB51D68790400292722 /* LXqClassCollectionHeaderView.m */,
				04AEED3D1D6605CF00B653CB /* LXqClassCollectionViewCell.h */,
				04AEED3E1D6605CF00B653CB /* LXqClassCollectionViewCell.m */,
			);
			name = "分类";
			sourceTree = "<group>";
		};
		04AEED211D65470100B653CB /* 我 */ = {
			isa = PBXGroup;
			children = (
				046E34F31D645B2300003B08 /* LXqMyViewController.h */,
				046E34F41D645B2300003B08 /* LXqMyViewController.m */,
				04AEED1E1D6546F700B653CB /* LXqLoginViewController.h */,
				04AEED1F1D6546F700B653CB /* LXqLoginViewController.m */,
				04AEED221D65474F00B653CB /* LXqRegisteViewController.h */,
				04AEED231D65474F00B653CB /* LXqRegisteViewController.m */,
				04AEED2F1D65975600B653CB /* LXqCheckPhoneViewController.h */,
				04AEED301D65975600B653CB /* LXqCheckPhoneViewController.m */,
			);
			name = "我";
			sourceTree = "<group>";
		};
		04AEED281D65967F00B653CB /* 注册view */ = {
			isa = PBXGroup;
			children = (
				04AEED251D658DA100B653CB /* LXqMyRegisetView.h */,
				04AEED261D658DA100B653CB /* LXqMyRegisetView.m */,
				04AEED371D659A4E00B653CB /* 验证手机号 */,
			);
			name = "注册view";
			sourceTree = "<group>";
		};
		04AEED321D6599F200B653CB /* 个人界面 */ = {
			isa = PBXGroup;
			children = (
				046E35031D6477C700003B08 /* LXqMyTableView.h */,
				046E35041D6477C700003B08 /* LXqMyTableView.m */,
				046E35141D648B8500003B08 /* LXqMyTableViewCell.h */,
				046E35151D648B8500003B08 /* LXqMyTableViewCell.m */,
				046E350C1D64796400003B08 /* LXqMyHeaderView.h */,
				046E350D1D64796400003B08 /* LXqMyHeaderView.m */,
			);
			name = "个人界面";
			sourceTree = "<group>";
		};
		04AEED331D659A0500B653CB /* 限时特购 */ = {
			isa = PBXGroup;
			children = (
				046E34F51D645B2300003B08 /* LXqTimpViewController.h */,
				046E34F61D645B2300003B08 /* LXqTimpViewController.m */,
			);
			name = "限时特购";
			sourceTree = "<group>";
		};
		04AEED341D659A1900B653CB /* 分类 */ = {
			isa = PBXGroup;
			children = (
				046E34F11D645B2300003B08 /* LXqClassViewController.h */,
				046E34F21D645B2300003B08 /* LXqClassViewController.m */,
			);
			name = "分类";
			sourceTree = "<group>";
		};
		04AEED351D659A2200B653CB /* 购物车 */ = {
			isa = PBXGroup;
			children = (
				046E34EF1D645B2300003B08 /* LXqBuyViewController.h */,
				046E34F01D645B2300003B08 /* LXqBuyViewController.m */,
			);
			name = "购物车";
			sourceTree = "<group>";
		};
		04AEED371D659A4E00B653CB /* 验证手机号 */ = {
			isa = PBXGroup;
			children = (
				04AEED291D65971B00B653CB /* LXqCheckPhoneView.h */,
				04AEED2A1D65971B00B653CB /* LXqCheckPhoneView.m */,
			);
			name = "验证手机号";
			sourceTree = "<group>";
		};
		04AEED381D66055000B653CB /* 分类 */ = {
			isa = PBXGroup;
			children = (
				04AEED391D66057A00B653CB /* LXqClassCollectionModel.h */,
				04AEED3A1D66057A00B653CB /* LXqClassCollectionModel.m */,
				0406FAAE1D68601200292722 /* LXqClassName.h */,
				0406FAAF1D68601200292722 /* LXqClassName.m */,
				04AEED401D660A1C00B653CB /* LXqClassCollectionModel.plist */,
				0406FAAC1D68598800292722 /* test.plist */,
			);
			name = "分类";
			sourceTree = "<group>";
		};
		08DA341F63731D3A7667A093 /* Frameworks */ = {
			isa = PBXGroup;
			children = (
				09C8EAD7C52DCC8793276F62 /* libPods-Buy-Buy.a */,
				3BB21741A3677E4E496285C9 /* libPods-Buy-BuyTests.a */,
				C43DE86EAD0B1DD1AF5D7F59 /* libPods-Buy-BuyUITests.a */,
			);
			name = Frameworks;
			sourceTree = "<group>";
		};
		E9490953F9C09BCE78136639 /* Pods */ = {
			isa = PBXGroup;
			children = (
				8297190EA9295022D690A534 /* Pods-Buy-Buy.debug.xcconfig */,
				A47DC10AE5826B0E0D0ABC52 /* Pods-Buy-Buy.release.xcconfig */,
				7177FF2F44982C6FD9D8DAFA /* Pods-Buy-BuyTests.debug.xcconfig */,
				36E3436E8B19A9BCF5175A38 /* Pods-Buy-BuyTests.release.xcconfig */,
				C480851FE0C837DB02415485 /* Pods-Buy-BuyUITests.debug.xcconfig */,
				A478E071154892CDF7196D04 /* Pods-Buy-BuyUITests.release.xcconfig */,
			);
			name = Pods;
			sourceTree = "<group>";
		};
/* End PBXGroup section */

/* Begin PBXNativeTarget section */
		046E34571D63FF3B00003B08 /* Buy-Buy */ = {
			isa = PBXNativeTarget;
			buildConfigurationList = 046E34851D63FF3B00003B08 /* Build configuration list for PBXNativeTarget "Buy-Buy" */;
			buildPhases = (
				5BF8E268BAC5B08FC18990B9 /* [CP] Check Pods Manifest.lock */,
				046E34541D63FF3B00003B08 /* Sources */,
				046E34551D63FF3B00003B08 /* Frameworks */,
				046E34561D63FF3B00003B08 /* Resources */,
				6DCC9A25AD5423658E0941D1 /* [CP] Embed Pods Frameworks */,
				8DF11A86D5ED931C0CF55973 /* [CP] Copy Pods Resources */,
			);
			buildRules = (
			);
			dependencies = (
			);
			name = "Buy-Buy";
			productName = "Buy-Buy";
			productReference = 046E34581D63FF3B00003B08 /* Buy-Buy.app */;
			productType = "com.apple.product-type.application";
		};
		046E34701D63FF3B00003B08 /* Buy-BuyTests */ = {
			isa = PBXNativeTarget;
			buildConfigurationList = 046E34881D63FF3B00003B08 /* Build configuration list for PBXNativeTarget "Buy-BuyTests" */;
			buildPhases = (
				C4093C4D46DFA2E997F0F417 /* [CP] Check Pods Manifest.lock */,
				046E346D1D63FF3B00003B08 /* Sources */,
				046E346E1D63FF3B00003B08 /* Frameworks */,
				046E346F1D63FF3B00003B08 /* Resources */,
				4D118860D972DF84E6F4CC81 /* [CP] Embed Pods Frameworks */,
				E7EF6D67C9BD66D1B66C84B6 /* [CP] Copy Pods Resources */,
			);
			buildRules = (
			);
			dependencies = (
				046E34731D63FF3B00003B08 /* PBXTargetDependency */,
			);
			name = "Buy-BuyTests";
			productName = "Buy-BuyTests";
			productReference = 046E34711D63FF3B00003B08 /* Buy-BuyTests.xctest */;
			productType = "com.apple.product-type.bundle.unit-test";
		};
		046E347B1D63FF3B00003B08 /* Buy-BuyUITests */ = {
			isa = PBXNativeTarget;
			buildConfigurationList = 046E348B1D63FF3B00003B08 /* Build configuration list for PBXNativeTarget "Buy-BuyUITests" */;
			buildPhases = (
				BB1583B36506D187998EBEC5 /* [CP] Check Pods Manifest.lock */,
				046E34781D63FF3B00003B08 /* Sources */,
				046E34791D63FF3B00003B08 /* Frameworks */,
				046E347A1D63FF3B00003B08 /* Resources */,
				B325159D08ACC5D4D1D75F29 /* [CP] Copy Pods Resources */,
			);
			buildRules = (
			);
			dependencies = (
				046E347E1D63FF3B00003B08 /* PBXTargetDependency */,
			);
			name = "Buy-BuyUITests";
			productName = "Buy-BuyUITests";
			productReference = 046E347C1D63FF3B00003B08 /* Buy-BuyUITests.xctest */;
			productType = "com.apple.product-type.bundle.ui-testing";
		};
/* End PBXNativeTarget section */

/* Begin PBXProject section */
		046E34501D63FF3B00003B08 /* Project object */ = {
			isa = PBXProject;
			attributes = {
				CLASSPREFIX = LXq;
				LastUpgradeCheck = 0720;
				ORGANIZATIONNAME = LXq;
				TargetAttributes = {
					046E34571D63FF3B00003B08 = {
						CreatedOnToolsVersion = 7.2.1;
					};
					046E34701D63FF3B00003B08 = {
						CreatedOnToolsVersion = 7.2.1;
						TestTargetID = 046E34571D63FF3B00003B08;
					};
					046E347B1D63FF3B00003B08 = {
						CreatedOnToolsVersion = 7.2.1;
						TestTargetID = 046E34571D63FF3B00003B08;
					};
				};
			};
			buildConfigurationList = 046E34531D63FF3B00003B08 /* Build configuration list for PBXProject "Buy-Buy" */;
			compatibilityVersion = "Xcode 3.2";
			developmentRegion = English;
			hasScannedForEncodings = 0;
			knownRegions = (
				en,
				Base,
			);
			mainGroup = 046E344F1D63FF3B00003B08;
			productRefGroup = 046E34591D63FF3B00003B08 /* Products */;
			projectDirPath = "";
			projectRoot = "";
			targets = (
				046E34571D63FF3B00003B08 /* Buy-Buy */,
				046E34701D63FF3B00003B08 /* Buy-BuyTests */,
				046E347B1D63FF3B00003B08 /* Buy-BuyUITests */,
			);
		};
/* End PBXProject section */

/* Begin PBXResourcesBuildPhase section */
		046E34561D63FF3B00003B08 /* Resources */ = {
			isa = PBXResourcesBuildPhase;
			buildActionMask = 2147483647;
			files = (
				046E346B1D63FF3B00003B08 /* LaunchScreen.storyboard in Resources */,
				046E35131D647BE800003B08 /* LXqMyTableModel.plist in Resources */,
				046E34681D63FF3B00003B08 /* Assets.xcassets in Resources */,
				0406FAAD1D68598800292722 /* test.plist in Resources */,
				04AEED411D660A1C00B653CB /* LXqClassCollectionModel.plist in Resources */,
			);
			runOnlyForDeploymentPostprocessing = 0;
		};
		046E346F1D63FF3B00003B08 /* Resources */ = {
			isa = PBXResourcesBuildPhase;
			buildActionMask = 2147483647;
			files = (
			);
			runOnlyForDeploymentPostprocessing = 0;
		};
		046E347A1D63FF3B00003B08 /* Resources */ = {
			isa = PBXResourcesBuildPhase;
			buildActionMask = 2147483647;
			files = (
			);
			runOnlyForDeploymentPostprocessing = 0;
		};
/* End PBXResourcesBuildPhase section */

/* Begin PBXShellScriptBuildPhase section */
		4D118860D972DF84E6F4CC81 /* [CP] Embed Pods Frameworks */ = {
			isa = PBXShellScriptBuildPhase;
			buildActionMask = 2147483647;
			files = (
			);
			inputPaths = (
			);
			name = "[CP] Embed Pods Frameworks";
			outputPaths = (
			);
			runOnlyForDeploymentPostprocessing = 0;
			shellPath = /bin/sh;
			shellScript = "\"${SRCROOT}/Pods/Target Support Files/Pods-Buy-BuyTests/Pods-Buy-BuyTests-frameworks.sh\"\n";
			showEnvVarsInLog = 0;
		};
		5BF8E268BAC5B08FC18990B9 /* [CP] Check Pods Manifest.lock */ = {
			isa = PBXShellScriptBuildPhase;
			buildActionMask = 2147483647;
			files = (
			);
			inputPaths = (
			);
			name = "[CP] Check Pods Manifest.lock";
			outputPaths = (
			);
			runOnlyForDeploymentPostprocessing = 0;
			shellPath = /bin/sh;
			shellScript = "diff \"${PODS_ROOT}/../Podfile.lock\" \"${PODS_ROOT}/Manifest.lock\" > /dev/null\nif [[ $? != 0 ]] ; then\n    cat << EOM\nerror: The sandbox is not in sync with the Podfile.lock. Run 'pod install' or update your CocoaPods installation.\nEOM\n    exit 1\nfi\n";
			showEnvVarsInLog = 0;
		};
		6DCC9A25AD5423658E0941D1 /* [CP] Embed Pods Frameworks */ = {
			isa = PBXShellScriptBuildPhase;
			buildActionMask = 2147483647;
			files = (
			);
			inputPaths = (
			);
			name = "[CP] Embed Pods Frameworks";
			outputPaths = (
			);
			runOnlyForDeploymentPostprocessing = 0;
			shellPath = /bin/sh;
			shellScript = "\"${SRCROOT}/Pods/Target Support Files/Pods-Buy-Buy/Pods-Buy-Buy-frameworks.sh\"\n";
			showEnvVarsInLog = 0;
		};
		8DF11A86D5ED931C0CF55973 /* [CP] Copy Pods Resources */ = {
			isa = PBXShellScriptBuildPhase;
			buildActionMask = 2147483647;
			files = (
			);
			inputPaths = (
			);
			name = "[CP] Copy Pods Resources";
			outputPaths = (
			);
			runOnlyForDeploymentPostprocessing = 0;
			shellPath = /bin/sh;
			shellScript = "\"${SRCROOT}/Pods/Target Support Files/Pods-Buy-Buy/Pods-Buy-Buy-resources.sh\"\n";
			showEnvVarsInLog = 0;
		};
		B325159D08ACC5D4D1D75F29 /* [CP] Copy Pods Resources */ = {
			isa = PBXShellScriptBuildPhase;
			buildActionMask = 2147483647;
			files = (
			);
			inputPaths = (
			);
			name = "[CP] Copy Pods Resources";
			outputPaths = (
			);
			runOnlyForDeploymentPostprocessing = 0;
			shellPath = /bin/sh;
			shellScript = "\"${SRCROOT}/Pods/Target Support Files/Pods-Buy-BuyUITests/Pods-Buy-BuyUITests-resources.sh\"\n";
			showEnvVarsInLog = 0;
		};
		BB1583B36506D187998EBEC5 /* [CP] Check Pods Manifest.lock */ = {
			isa = PBXShellScriptBuildPhase;
			buildActionMask = 2147483647;
			files = (
			);
			inputPaths = (
			);
			name = "[CP] Check Pods Manifest.lock";
			outputPaths = (
			);
			runOnlyForDeploymentPostprocessing = 0;
			shellPath = /bin/sh;
			shellScript = "diff \"${PODS_ROOT}/../Podfile.lock\" \"${PODS_ROOT}/Manifest.lock\" > /dev/null\nif [[ $? != 0 ]] ; then\n    cat << EOM\nerror: The sandbox is not in sync with the Podfile.lock. Run 'pod install' or update your CocoaPods installation.\nEOM\n    exit 1\nfi\n";
			showEnvVarsInLog = 0;
		};
		C4093C4D46DFA2E997F0F417 /* [CP] Check Pods Manifest.lock */ = {
			isa = PBXShellScriptBuildPhase;
			buildActionMask = 2147483647;
			files = (
			);
			inputPaths = (
			);
			name = "[CP] Check Pods Manifest.lock";
			outputPaths = (
			);
			runOnlyForDeploymentPostprocessing = 0;
			shellPath = /bin/sh;
			shellScript = "diff \"${PODS_ROOT}/../Podfile.lock\" \"${PODS_ROOT}/Manifest.lock\" > /dev/null\nif [[ $? != 0 ]] ; then\n    cat << EOM\nerror: The sandbox is not in sync with the Podfile.lock. Run 'pod install' or update your CocoaPods installation.\nEOM\n    exit 1\nfi\n";
			showEnvVarsInLog = 0;
		};
		E7EF6D67C9BD66D1B66C84B6 /* [CP] Copy Pods Resources */ = {
			isa = PBXShellScriptBuildPhase;
			buildActionMask = 2147483647;
			files = (
			);
			inputPaths = (
			);
			name = "[CP] Copy Pods Resources";
			outputPaths = (
			);
			runOnlyForDeploymentPostprocessing = 0;
			shellPath = /bin/sh;
			shellScript = "\"${SRCROOT}/Pods/Target Support Files/Pods-Buy-BuyTests/Pods-Buy-BuyTests-resources.sh\"\n";
			showEnvVarsInLog = 0;
		};
/* End PBXShellScriptBuildPhase section */

/* Begin PBXSourcesBuildPhase section */
		046E34541D63FF3B00003B08 /* Sources */ = {
			isa = PBXSourcesBuildPhase;
			buildActionMask = 2147483647;
			files = (
				042E95271D6B12BD00EDE406 /* UIView+Toast.m in Sources */,
				046E34FA1D645B2300003B08 /* LXqMyViewController.m in Sources */,
				046E35051D6477C700003B08 /* LXqMyTableView.m in Sources */,
				046E35161D648B8500003B08 /* LXqMyTableViewCell.m in Sources */,
				046E34FB1D645B2300003B08 /* LXqTimpViewController.m in Sources */,
				04AEED241D65474F00B653CB /* LXqRegisteViewController.m in Sources */,
				0406FAA01D6753AD00292722 /* NSAttributedString+LXqAttributeString.m in Sources */,
				046E35231D649E1B00003B08 /* AppDelegate.m in Sources */,
				04AEED2B1D65971B00B653CB /* LXqCheckPhoneView.m in Sources */,
				046E350E1D64796400003B08 /* LXqMyHeaderView.m in Sources */,
				042E957A1D6B31FA00EDE406 /* LXqPriceTableView.m in Sources */,
				0406FAA91D6853EA00292722 /* LXqBaseViewController.m in Sources */,
				04AEED201D6546F700B653CB /* LXqLoginViewController.m in Sources */,
				046E34F81D645B2300003B08 /* LXqBuyViewController.m in Sources */,
				0406FAB61D68790400292722 /* LXqClassCollectionHeaderView.m in Sources */,
				04AEED311D65975600B653CB /* LXqCheckPhoneViewController.m in Sources */,
				042E95771D6B31EE00EDE406 /* LXqNewTableView.m in Sources */,
				0406FAB01D68601200292722 /* LXqClassName.m in Sources */,
				0406FAA61D68499500292722 /* LXqHTTPTool.m in Sources */,
				04AEED271D658DA100B653CB /* LXqMyRegisetView.m in Sources */,
				04AEED3B1D66057A00B653CB /* LXqClassCollectionModel.m in Sources */,
				046E35111D647AD200003B08 /* LXqMyTableModel.m in Sources */,
				041CBC8E1D67244800D73FC4 /* LXqMyLoginView.m in Sources */,
				04AEED3F1D6605CF00B653CB /* LXqClassCollectionViewCell.m in Sources */,
				046E35261D649E1B00003B08 /* UIColor+LXqRandomColor.m in Sources */,
				046E35321D64A70300003B08 /* LXqClassCollectionView.m in Sources */,
				0406FAA31D6848B700292722 /* HttpTool.m in Sources */,
				046E34F91D645B2300003B08 /* LXqClassViewController.m in Sources */,
				046E35251D649E1B00003B08 /* main.m in Sources */,
			);
			runOnlyForDeploymentPostprocessing = 0;
		};
		046E346D1D63FF3B00003B08 /* Sources */ = {
			isa = PBXSourcesBuildPhase;
			buildActionMask = 2147483647;
			files = (
				046E34761D63FF3B00003B08 /* Buy_BuyTests.m in Sources */,
			);
			runOnlyForDeploymentPostprocessing = 0;
		};
		046E34781D63FF3B00003B08 /* Sources */ = {
			isa = PBXSourcesBuildPhase;
			buildActionMask = 2147483647;
			files = (
				046E34811D63FF3B00003B08 /* Buy_BuyUITests.m in Sources */,
			);
			runOnlyForDeploymentPostprocessing = 0;
		};
/* End PBXSourcesBuildPhase section */

/* Begin PBXTargetDependency section */
		046E34731D63FF3B00003B08 /* PBXTargetDependency */ = {
			isa = PBXTargetDependency;
			target = 046E34571D63FF3B00003B08 /* Buy-Buy */;
			targetProxy = 046E34721D63FF3B00003B08 /* PBXContainerItemProxy */;
		};
		046E347E1D63FF3B00003B08 /* PBXTargetDependency */ = {
			isa = PBXTargetDependency;
			target = 046E34571D63FF3B00003B08 /* Buy-Buy */;
			targetProxy = 046E347D1D63FF3B00003B08 /* PBXContainerItemProxy */;
		};
/* End PBXTargetDependency section */

/* Begin PBXVariantGroup section */
		046E34691D63FF3B00003B08 /* LaunchScreen.storyboard */ = {
			isa = PBXVariantGroup;
			children = (
				046E346A1D63FF3B00003B08 /* Base */,
			);
			name = LaunchScreen.storyboard;
			sourceTree = "<group>";
		};
/* End PBXVariantGroup section */

/* Begin XCBuildConfiguration section */
		046E34831D63FF3B00003B08 /* Debug */ = {
			isa = XCBuildConfiguration;
			buildSettings = {
				ALWAYS_SEARCH_USER_PATHS = NO;
				CLANG_CXX_LANGUAGE_STANDARD = "gnu++0x";
				CLANG_CXX_LIBRARY = "libc++";
				CLANG_ENABLE_MODULES = YES;
				CLANG_ENABLE_OBJC_ARC = YES;
				CLANG_WARN_BOOL_CONVERSION = YES;
				CLANG_WARN_CONSTANT_CONVERSION = YES;
				CLANG_WARN_DIRECT_OBJC_ISA_USAGE = YES_ERROR;
				CLANG_WARN_EMPTY_BODY = YES;
				CLANG_WARN_ENUM_CONVERSION = YES;
				CLANG_WARN_INT_CONVERSION = YES;
				CLANG_WARN_OBJC_ROOT_CLASS = YES_ERROR;
				CLANG_WARN_UNREACHABLE_CODE = YES;
				CLANG_WARN__DUPLICATE_METHOD_MATCH = YES;
				"CODE_SIGN_IDENTITY[sdk=iphoneos*]" = "iPhone Developer";
				COPY_PHASE_STRIP = NO;
				DEBUG_INFORMATION_FORMAT = dwarf;
				ENABLE_STRICT_OBJC_MSGSEND = YES;
				ENABLE_TESTABILITY = YES;
				GCC_C_LANGUAGE_STANDARD = gnu99;
				GCC_DYNAMIC_NO_PIC = NO;
				GCC_NO_COMMON_BLOCKS = YES;
				GCC_OPTIMIZATION_LEVEL = 0;
				GCC_PREPROCESSOR_DEFINITIONS = (
					"DEBUG=1",
					"$(inherited)",
				);
				GCC_WARN_64_TO_32_BIT_CONVERSION = YES;
				GCC_WARN_ABOUT_RETURN_TYPE = YES_ERROR;
				GCC_WARN_UNDECLARED_SELECTOR = YES;
				GCC_WARN_UNINITIALIZED_AUTOS = YES_AGGRESSIVE;
				GCC_WARN_UNUSED_FUNCTION = YES;
				GCC_WARN_UNUSED_VARIABLE = YES;
				IPHONEOS_DEPLOYMENT_TARGET = 7.0;
				MTL_ENABLE_DEBUG_INFO = YES;
				ONLY_ACTIVE_ARCH = YES;
				SDKROOT = iphoneos;
				TARGETED_DEVICE_FAMILY = "1,2";
			};
			name = Debug;
		};
		046E34841D63FF3B00003B08 /* Release */ = {
			isa = XCBuildConfiguration;
			buildSettings = {
				ALWAYS_SEARCH_USER_PATHS = NO;
				CLANG_CXX_LANGUAGE_STANDARD = "gnu++0x";
				CLANG_CXX_LIBRARY = "libc++";
				CLANG_ENABLE_MODULES = YES;
				CLANG_ENABLE_OBJC_ARC = YES;
				CLANG_WARN_BOOL_CONVERSION = YES;
				CLANG_WARN_CONSTANT_CONVERSION = YES;
				CLANG_WARN_DIRECT_OBJC_ISA_USAGE = YES_ERROR;
				CLANG_WARN_EMPTY_BODY = YES;
				CLANG_WARN_ENUM_CONVERSION = YES;
				CLANG_WARN_INT_CONVERSION = YES;
				CLANG_WARN_OBJC_ROOT_CLASS = YES_ERROR;
				CLANG_WARN_UNREACHABLE_CODE = YES;
				CLANG_WARN__DUPLICATE_METHOD_MATCH = YES;
				"CODE_SIGN_IDENTITY[sdk=iphoneos*]" = "iPhone Developer";
				COPY_PHASE_STRIP = NO;
				DEBUG_INFORMATION_FORMAT = "dwarf-with-dsym";
				ENABLE_NS_ASSERTIONS = NO;
				ENABLE_STRICT_OBJC_MSGSEND = YES;
				GCC_C_LANGUAGE_STANDARD = gnu99;
				GCC_NO_COMMON_BLOCKS = YES;
				GCC_WARN_64_TO_32_BIT_CONVERSION = YES;
				GCC_WARN_ABOUT_RETURN_TYPE = YES_ERROR;
				GCC_WARN_UNDECLARED_SELECTOR = YES;
				GCC_WARN_UNINITIALIZED_AUTOS = YES_AGGRESSIVE;
				GCC_WARN_UNUSED_FUNCTION = YES;
				GCC_WARN_UNUSED_VARIABLE = YES;
				IPHONEOS_DEPLOYMENT_TARGET = 7.0;
				MTL_ENABLE_DEBUG_INFO = NO;
				SDKROOT = iphoneos;
				TARGETED_DEVICE_FAMILY = "1,2";
				VALIDATE_PRODUCT = YES;
			};
			name = Release;
		};
		046E34861D63FF3B00003B08 /* Debug */ = {
			isa = XCBuildConfiguration;
			baseConfigurationReference = 8297190EA9295022D690A534 /* Pods-Buy-Buy.debug.xcconfig */;
			buildSettings = {
				ASSETCATALOG_COMPILER_APPICON_NAME = AppIcon;
				ASSETCATALOG_COMPILER_LAUNCHIMAGE_NAME = "Brand Assets";
				GCC_PREFIX_HEADER = "$(SRCROOT)/Buy-Buy/Others/LXqHeaderFile.pch";
				INFOPLIST_FILE = "Buy-Buy/Others/Info.plist";
				IPHONEOS_DEPLOYMENT_TARGET = 7.0;
				LD_RUNPATH_SEARCH_PATHS = "$(inherited) @executable_path/Frameworks";
				PRODUCT_BUNDLE_IDENTIFIER = "com.biubiubiu.Buy-Buy";
				PRODUCT_NAME = "$(TARGET_NAME)";
				TARGETED_DEVICE_FAMILY = 1;
			};
			name = Debug;
		};
		046E34871D63FF3B00003B08 /* Release */ = {
			isa = XCBuildConfiguration;
			baseConfigurationReference = A47DC10AE5826B0E0D0ABC52 /* Pods-Buy-Buy.release.xcconfig */;
			buildSettings = {
				ASSETCATALOG_COMPILER_APPICON_NAME = AppIcon;
				ASSETCATALOG_COMPILER_LAUNCHIMAGE_NAME = "Brand Assets";
				GCC_PREFIX_HEADER = "$(SRCROOT)/Buy-Buy/Others/LXqHeaderFile.pch";
				INFOPLIST_FILE = "Buy-Buy/Others/Info.plist";
				IPHONEOS_DEPLOYMENT_TARGET = 7.0;
				LD_RUNPATH_SEARCH_PATHS = "$(inherited) @executable_path/Frameworks";
				PRODUCT_BUNDLE_IDENTIFIER = "com.biubiubiu.Buy-Buy";
				PRODUCT_NAME = "$(TARGET_NAME)";
				TARGETED_DEVICE_FAMILY = 1;
			};
			name = Release;
		};
		046E34891D63FF3B00003B08 /* Debug */ = {
			isa = XCBuildConfiguration;
			baseConfigurationReference = 7177FF2F44982C6FD9D8DAFA /* Pods-Buy-BuyTests.debug.xcconfig */;
			buildSettings = {
				BUNDLE_LOADER = "$(TEST_HOST)";
				INFOPLIST_FILE = "Buy-BuyTests/Info.plist";
				LD_RUNPATH_SEARCH_PATHS = "$(inherited) @executable_path/Frameworks @loader_path/Frameworks";
				PRODUCT_BUNDLE_IDENTIFIER = "com.biubiubiu.Buy-BuyTests";
				PRODUCT_NAME = "$(TARGET_NAME)";
				TEST_HOST = "$(BUILT_PRODUCTS_DIR)/Buy-Buy.app/Buy-Buy";
			};
			name = Debug;
		};
		046E348A1D63FF3B00003B08 /* Release */ = {
			isa = XCBuildConfiguration;
			baseConfigurationReference = 36E3436E8B19A9BCF5175A38 /* Pods-Buy-BuyTests.release.xcconfig */;
			buildSettings = {
				BUNDLE_LOADER = "$(TEST_HOST)";
				INFOPLIST_FILE = "Buy-BuyTests/Info.plist";
				LD_RUNPATH_SEARCH_PATHS = "$(inherited) @executable_path/Frameworks @loader_path/Frameworks";
				PRODUCT_BUNDLE_IDENTIFIER = "com.biubiubiu.Buy-BuyTests";
				PRODUCT_NAME = "$(TARGET_NAME)";
				TEST_HOST = "$(BUILT_PRODUCTS_DIR)/Buy-Buy.app/Buy-Buy";
			};
			name = Release;
		};
		046E348C1D63FF3B00003B08 /* Debug */ = {
			isa = XCBuildConfiguration;
			baseConfigurationReference = C480851FE0C837DB02415485 /* Pods-Buy-BuyUITests.debug.xcconfig */;
			buildSettings = {
				INFOPLIST_FILE = "Buy-BuyUITests/Info.plist";
				LD_RUNPATH_SEARCH_PATHS = "$(inherited) @executable_path/Frameworks @loader_path/Frameworks";
				PRODUCT_BUNDLE_IDENTIFIER = "com.biubiubiu.Buy-BuyUITests";
				PRODUCT_NAME = "$(TARGET_NAME)";
				TEST_TARGET_NAME = "Buy-Buy";
				USES_XCTRUNNER = YES;
			};
			name = Debug;
		};
		046E348D1D63FF3B00003B08 /* Release */ = {
			isa = XCBuildConfiguration;
			baseConfigurationReference = A478E071154892CDF7196D04 /* Pods-Buy-BuyUITests.release.xcconfig */;
			buildSettings = {
				INFOPLIST_FILE = "Buy-BuyUITests/Info.plist";
				LD_RUNPATH_SEARCH_PATHS = "$(inherited) @executable_path/Frameworks @loader_path/Frameworks";
				PRODUCT_BUNDLE_IDENTIFIER = "com.biubiubiu.Buy-BuyUITests";
				PRODUCT_NAME = "$(TARGET_NAME)";
				TEST_TARGET_NAME = "Buy-Buy";
				USES_XCTRUNNER = YES;
			};
			name = Release;
		};
/* End XCBuildConfiguration section */

/* Begin XCConfigurationList section */
		046E34531D63FF3B00003B08 /* Build configuration list for PBXProject "Buy-Buy" */ = {
			isa = XCConfigurationList;
			buildConfigurations = (
				046E34831D63FF3B00003B08 /* Debug */,
				046E34841D63FF3B00003B08 /* Release */,
			);
			defaultConfigurationIsVisible = 0;
			defaultConfigurationName = Release;
		};
		046E34851D63FF3B00003B08 /* Build configuration list for PBXNativeTarget "Buy-Buy" */ = {
			isa = XCConfigurationList;
			buildConfigurations = (
				046E34861D63FF3B00003B08 /* Debug */,
				046E34871D63FF3B00003B08 /* Release */,
			);
			defaultConfigurationIsVisible = 0;
			defaultConfigurationName = Release;
		};
		046E34881D63FF3B00003B08 /* Build configuration list for PBXNativeTarget "Buy-BuyTests" */ = {
			isa = XCConfigurationList;
			buildConfigurations = (
				046E34891D63FF3B00003B08 /* Debug */,
				046E348A1D63FF3B00003B08 /* Release */,
			);
			defaultConfigurationIsVisible = 0;
			defaultConfigurationName = Release;
		};
		046E348B1D63FF3B00003B08 /* Build configuration list for PBXNativeTarget "Buy-BuyUITests" */ = {
			isa = XCConfigurationList;
			buildConfigurations = (
				046E348C1D63FF3B00003B08 /* Debug */,
				046E348D1D63FF3B00003B08 /* Release */,
			);
			defaultConfigurationIsVisible = 0;
			defaultConfigurationName = Release;
		};
/* End XCConfigurationList section */
	};
	rootObject = 046E34501D63FF3B00003B08 /* Project object */;
}
